
Microsoft Visual Studio Solution File, Format Version 11.00
# Visual Studio 2010
Project("{FAE04EC0-301F-11D3-BF4B-00C04F79EFBC}") = "StructureExample", "StructureExample\StructureExample.csproj", "{ADA380E8-7532-4B76-A233-16C187B940F3}"
EndProject
Global
	GlobalSection(SolutionConfigurationPlatforms) = preSolution
		Debug|x86 = Debug|x86
		Release|x86 = Release|x86
	EndGlobalSection
	GlobalSection(ProjectConfigurationPlatforms) = postSolution
		{ADA380E8-7532-4B76-A233-16C187B940F3}.Debug|x86.ActiveCfg = Debug|x86
		{ADA380E8-7532-4B76-A233-16C187B940F3}.Debug|x86.Build.0 = Debug|x86
		{ADA380E8-7532-4B76-A233-16C187B940F3}.Release|x86.ActiveCfg = Release|x86
		{ADA380E8-7532-4B76-A233-16C187B940F3}.Release|x86.Build.0 = Release|x86
	EndGlobalSection
	GlobalSection(SolutionProperties) = preSolution
		HideSolutionNode = FALSE
	EndGlobalSection
EndGlobal
