
Microsoft Visual Studio Solution File, Format Version 12.00
# Visual Studio 14
VisualStudioVersion = 14.0.25420.1
MinimumVisualStudioVersion = 10.0.40219.1
Project("{FAE04EC0-301F-11D3-BF4B-00C04F79EFBC}") = "ContactCore", "ContactCore\ContactCore.csproj", "{F268ACED-27C8-4B07-A9A2-8B533D474753}"
EndProject
Project("{FAE04EC0-301F-11D3-BF4B-00C04F79EFBC}") = "ConsoleContact-App", "ConsoleContact-App\ConsoleContact-App.csproj", "{B92991DB-4D9F-46C8-B38A-0E8D79EF9FE2}"
EndProject
Project("{FAE04EC0-301F-11D3-BF4B-00C04F79EFBC}") = "WinformContact-App", "WinformContact-App\WinformContact-App.csproj", "{8B3967BF-9969-4F2B-B6D4-890589794D70}"
EndProject
Global
	GlobalSection(SolutionConfigurationPlatforms) = preSolution
		Debug|Any CPU = Debug|Any CPU
		Release|Any CPU = Release|Any CPU
	EndGlobalSection
	GlobalSection(ProjectConfigurationPlatforms) = postSolution
		{F268ACED-27C8-4B07-A9A2-8B533D474753}.Debug|Any CPU.ActiveCfg = Debug|Any CPU
		{F268ACED-27C8-4B07-A9A2-8B533D474753}.Debug|Any CPU.Build.0 = Debug|Any CPU
		{F268ACED-27C8-4B07-A9A2-8B533D474753}.Release|Any CPU.ActiveCfg = Release|Any CPU
		{F268ACED-27C8-4B07-A9A2-8B533D474753}.Release|Any CPU.Build.0 = Release|Any CPU
		{B92991DB-4D9F-46C8-B38A-0E8D79EF9FE2}.Debug|Any CPU.ActiveCfg = Debug|Any CPU
		{B92991DB-4D9F-46C8-B38A-0E8D79EF9FE2}.Debug|Any CPU.Build.0 = Debug|Any CPU
		{B92991DB-4D9F-46C8-B38A-0E8D79EF9FE2}.Release|Any CPU.ActiveCfg = Release|Any CPU
		{B92991DB-4D9F-46C8-B38A-0E8D79EF9FE2}.Release|Any CPU.Build.0 = Release|Any CPU
		{8B3967BF-9969-4F2B-B6D4-890589794D70}.Debug|Any CPU.ActiveCfg = Debug|Any CPU
		{8B3967BF-9969-4F2B-B6D4-890589794D70}.Debug|Any CPU.Build.0 = Debug|Any CPU
		{8B3967BF-9969-4F2B-B6D4-890589794D70}.Release|Any CPU.ActiveCfg = Release|Any CPU
		{8B3967BF-9969-4F2B-B6D4-890589794D70}.Release|Any CPU.Build.0 = Release|Any CPU
	EndGlobalSection
	GlobalSection(SolutionProperties) = preSolution
		HideSolutionNode = FALSE
	EndGlobalSection
EndGlobal
