
Microsoft Visual Studio Solution File, Format Version 11.00
# Visual Studio 2010
Project("{FAE04EC0-301F-11D3-BF4B-00C04F79EFBC}") = "Employee_max_Salary-App", "Employee_max_Salary-App\Employee_max_Salary-App.csproj", "{F7F71C34-E3E6-4296-873A-1D3EDCF41BB8}"
EndProject
Global
	GlobalSection(SolutionConfigurationPlatforms) = preSolution
		Debug|x86 = Debug|x86
		Release|x86 = Release|x86
	EndGlobalSection
	GlobalSection(ProjectConfigurationPlatforms) = postSolution
		{F7F71C34-E3E6-4296-873A-1D3EDCF41BB8}.Debug|x86.ActiveCfg = Debug|x86
		{F7F71C34-E3E6-4296-873A-1D3EDCF41BB8}.Debug|x86.Build.0 = Debug|x86
		{F7F71C34-E3E6-4296-873A-1D3EDCF41BB8}.Release|x86.ActiveCfg = Release|x86
		{F7F71C34-E3E6-4296-873A-1D3EDCF41BB8}.Release|x86.Build.0 = Release|x86
	EndGlobalSection
	GlobalSection(SolutionProperties) = preSolution
		HideSolutionNode = FALSE
	EndGlobalSection
EndGlobal
