
Microsoft Visual Studio Solution File, Format Version 11.00
# Visual Studio 2010
Project("{FAE04EC0-301F-11D3-BF4B-00C04F79EFBC}") = "StringSplitExample-App", "StringSplitExample-App\StringSplitExample-App.csproj", "{5668FEB8-D157-4794-8BC5-467458D7A77D}"
EndProject
Global
	GlobalSection(SolutionConfigurationPlatforms) = preSolution
		Debug|x86 = Debug|x86
		Release|x86 = Release|x86
	EndGlobalSection
	GlobalSection(ProjectConfigurationPlatforms) = postSolution
		{5668FEB8-D157-4794-8BC5-467458D7A77D}.Debug|x86.ActiveCfg = Debug|x86
		{5668FEB8-D157-4794-8BC5-467458D7A77D}.Debug|x86.Build.0 = Debug|x86
		{5668FEB8-D157-4794-8BC5-467458D7A77D}.Release|x86.ActiveCfg = Release|x86
		{5668FEB8-D157-4794-8BC5-467458D7A77D}.Release|x86.Build.0 = Release|x86
	EndGlobalSection
	GlobalSection(SolutionProperties) = preSolution
		HideSolutionNode = FALSE
	EndGlobalSection
EndGlobal
